
Microsoft Visual Studio Solution File, Format Version 12.00
# Visual Studio 15
VisualStudioVersion = 15.0.27703.2026
MinimumVisualStudioVersion = 10.0.40219.1
Project("{FAE04EC0-301F-11D3-BF4B-00C04F79EFBC}") = "TestApp.Android", "TestApp\Xamarin\TestApp.Android\TestApp.Android.csproj", "{589C2263-82BC-475B-9277-BC59A30CFC44}"
EndProject
Project("{FAE04EC0-301F-11D3-BF4B-00C04F79EFBC}") = "TestApp.iOS", "TestApp\Xamarin\TestApp.iOS\TestApp.iOS.csproj", "{C173C55E-8CA3-40A3-9EF5-C439726B411D}"
EndProject
Project("{D954291E-2A0B-460D-934E-DC6B0785DB48}") = "TestApp", "TestApp\Xamarin\TestApp\TestApp.shproj", "{E74B57C0-2C6E-4736-929C-5FE60DE8254B}"
EndProject
Project("{2150E333-8FDC-42A3-9474-1A3956D46DE8}") = "Xamarin", "Xamarin", "{2035D7BF-F9CC-4801-B81A-65E797FE9074}"
EndProject
Project("{2150E333-8FDC-42A3-9474-1A3956D46DE8}") = "WPF", "WPF", "{19FEC03E-2A98-406D-8ED2-472D0346BF6F}"
EndProject
Project("{2150E333-8FDC-42A3-9474-1A3956D46DE8}") = "Shared", "Shared", "{236A048A-91B0-44EB-B632-9526F5A92381}"
EndProject
Project("{9A19103F-16F7-4668-BE54-9A1E7A4F7556}") = "SharedLibrary", "TestApp\Shared\SharedLibrary\SharedLibrary.csproj", "{7FF9FDC3-CFD7-4A8A-8748-65D984E4D4D5}"
EndProject
Project("{FAE04EC0-301F-11D3-BF4B-00C04F79EFBC}") = "TestApp.WPF", "TestApp\WPF\TestApp.WPF\TestApp.WPF.csproj", "{E4D8972C-4562-420B-B268-F6728897E0D0}"
EndProject
Project("{FAE04EC0-301F-11D3-BF4B-00C04F79EFBC}") = "TestApp.macOS", "TestApp\Xamarin\TestApp.macOS\TestApp.macOS.csproj", "{9E040CCC-A0A1-4933-9E7C-4D801EE5B62E}"
EndProject
Project("{FAE04EC0-301F-11D3-BF4B-00C04F79EFBC}") = "TestApp.UWP", "TestApp\Xamarin\TestApp.UWP\TestApp.UWP.csproj", "{9A8B88B7-9087-4F16-BD60-29D959CD893F}"
EndProject
Project("{FAE04EC0-301F-11D3-BF4B-00C04F79EFBC}") = "TestApp.WPF", "TestApp\Xamarin\TestApp.WPF\TestApp.WPF.csproj", "{5B620E35-C289-4840-80F6-5CFA59609B00}"
EndProject
Global
	GlobalSection(SharedMSBuildProjectFiles) = preSolution
		TestApp\Xamarin\TestApp\TestApp.projitems*{589c2263-82bc-475b-9277-bc59a30cfc44}*SharedItemsImports = 4
		TestApp\Xamarin\TestApp\TestApp.projitems*{5b620e35-c289-4840-80f6-5cfa59609b00}*SharedItemsImports = 4
		TestApp\Xamarin\TestApp\TestApp.projitems*{9a8b88b7-9087-4f16-bd60-29d959cd893f}*SharedItemsImports = 4
		TestApp\Xamarin\TestApp\TestApp.projitems*{9e040ccc-a0a1-4933-9e7c-4d801ee5b62e}*SharedItemsImports = 4
		TestApp\Xamarin\TestApp\TestApp.projitems*{c173c55e-8ca3-40a3-9ef5-c439726b411d}*SharedItemsImports = 4
		TestApp\Xamarin\TestApp\TestApp.projitems*{e74b57c0-2c6e-4736-929c-5fe60de8254b}*SharedItemsImports = 13
	EndGlobalSection
	GlobalSection(SolutionConfigurationPlatforms) = preSolution
		Ad-Hoc|Any CPU = Ad-Hoc|Any CPU
		Ad-Hoc|ARM = Ad-Hoc|ARM
		Ad-Hoc|iPhone = Ad-Hoc|iPhone
		Ad-Hoc|iPhoneSimulator = Ad-Hoc|iPhoneSimulator
		Ad-Hoc|x64 = Ad-Hoc|x64
		Ad-Hoc|x86 = Ad-Hoc|x86
		AppStore|Any CPU = AppStore|Any CPU
		AppStore|ARM = AppStore|ARM
		AppStore|iPhone = AppStore|iPhone
		AppStore|iPhoneSimulator = AppStore|iPhoneSimulator
		AppStore|x64 = AppStore|x64
		AppStore|x86 = AppStore|x86
		Debug|Any CPU = Debug|Any CPU
		Debug|ARM = Debug|ARM
		Debug|iPhone = Debug|iPhone
		Debug|iPhoneSimulator = Debug|iPhoneSimulator
		Debug|x64 = Debug|x64
		Debug|x86 = Debug|x86
		Release|Any CPU = Release|Any CPU
		Release|ARM = Release|ARM
		Release|iPhone = Release|iPhone
		Release|iPhoneSimulator = Release|iPhoneSimulator
		Release|x64 = Release|x64
		Release|x86 = Release|x86
	EndGlobalSection
	GlobalSection(ProjectConfigurationPlatforms) = postSolution
		{589C2263-82BC-475B-9277-BC59A30CFC44}.Ad-Hoc|Any CPU.ActiveCfg = Release|Any CPU
		{589C2263-82BC-475B-9277-BC59A30CFC44}.Ad-Hoc|Any CPU.Build.0 = Release|Any CPU
		{589C2263-82BC-475B-9277-BC59A30CFC44}.Ad-Hoc|Any CPU.Deploy.0 = Release|Any CPU
		{589C2263-82BC-475B-9277-BC59A30CFC44}.Ad-Hoc|ARM.ActiveCfg = Debug|Any CPU
		{589C2263-82BC-475B-9277-BC59A30CFC44}.Ad-Hoc|ARM.Build.0 = Debug|Any CPU
		{589C2263-82BC-475B-9277-BC59A30CFC44}.Ad-Hoc|ARM.Deploy.0 = Debug|Any CPU
		{589C2263-82BC-475B-9277-BC59A30CFC44}.Ad-Hoc|iPhone.ActiveCfg = Release|Any CPU
		{589C2263-82BC-475B-9277-BC59A30CFC44}.Ad-Hoc|iPhone.Build.0 = Release|Any CPU
		{589C2263-82BC-475B-9277-BC59A30CFC44}.Ad-Hoc|iPhone.Deploy.0 = Release|Any CPU
		{589C2263-82BC-475B-9277-BC59A30CFC44}.Ad-Hoc|iPhoneSimulator.ActiveCfg = Release|Any CPU
		{589C2263-82BC-475B-9277-BC59A30CFC44}.Ad-Hoc|iPhoneSimulator.Build.0 = Release|Any CPU
		{589C2263-82BC-475B-9277-BC59A30CFC44}.Ad-Hoc|iPhoneSimulator.Deploy.0 = Release|Any CPU
		{589C2263-82BC-475B-9277-BC59A30CFC44}.Ad-Hoc|x64.ActiveCfg = Debug|Any CPU
		{589C2263-82BC-475B-9277-BC59A30CFC44}.Ad-Hoc|x64.Build.0 = Debug|Any CPU
		{589C2263-82BC-475B-9277-BC59A30CFC44}.Ad-Hoc|x64.Deploy.0 = Debug|Any CPU
		{589C2263-82BC-475B-9277-BC59A30CFC44}.Ad-Hoc|x86.ActiveCfg = Release|x86
		{589C2263-82BC-475B-9277-BC59A30CFC44}.Ad-Hoc|x86.Build.0 = Release|x86
		{589C2263-82BC-475B-9277-BC59A30CFC44}.Ad-Hoc|x86.Deploy.0 = Release|x86
		{589C2263-82BC-475B-9277-BC59A30CFC44}.AppStore|Any CPU.ActiveCfg = Release|Any CPU
		{589C2263-82BC-475B-9277-BC59A30CFC44}.AppStore|Any CPU.Build.0 = Release|Any CPU
		{589C2263-82BC-475B-9277-BC59A30CFC44}.AppStore|Any CPU.Deploy.0 = Release|Any CPU
		{589C2263-82BC-475B-9277-BC59A30CFC44}.AppStore|ARM.ActiveCfg = Debug|Any CPU
		{589C2263-82BC-475B-9277-BC59A30CFC44}.AppStore|ARM.Build.0 = Debug|Any CPU
		{589C2263-82BC-475B-9277-BC59A30CFC44}.AppStore|ARM.Deploy.0 = Debug|Any CPU
		{589C2263-82BC-475B-9277-BC59A30CFC44}.AppStore|iPhone.ActiveCfg = Release|Any CPU
		{589C2263-82BC-475B-9277-BC59A30CFC44}.AppStore|iPhone.Build.0 = Release|Any CPU
		{589C2263-82BC-475B-9277-BC59A30CFC44}.AppStore|iPhone.Deploy.0 = Release|Any CPU
		{589C2263-82BC-475B-9277-BC59A30CFC44}.AppStore|iPhoneSimulator.ActiveCfg = Release|Any CPU
		{589C2263-82BC-475B-9277-BC59A30CFC44}.AppStore|iPhoneSimulator.Build.0 = Release|Any CPU
		{589C2263-82BC-475B-9277-BC59A30CFC44}.AppStore|iPhoneSimulator.Deploy.0 = Release|Any CPU
		{589C2263-82BC-475B-9277-BC59A30CFC44}.AppStore|x64.ActiveCfg = Debug|Any CPU
		{589C2263-82BC-475B-9277-BC59A30CFC44}.AppStore|x64.Build.0 = Debug|Any CPU
		{589C2263-82BC-475B-9277-BC59A30CFC44}.AppStore|x64.Deploy.0 = Debug|Any CPU
		{589C2263-82BC-475B-9277-BC59A30CFC44}.AppStore|x86.ActiveCfg = Release|x86
		{589C2263-82BC-475B-9277-BC59A30CFC44}.AppStore|x86.Build.0 = Release|x86
		{589C2263-82BC-475B-9277-BC59A30CFC44}.AppStore|x86.Deploy.0 = Release|x86
		{589C2263-82BC-475B-9277-BC59A30CFC44}.Debug|Any CPU.ActiveCfg = Debug|Any CPU
		{589C2263-82BC-475B-9277-BC59A30CFC44}.Debug|Any CPU.Build.0 = Debug|Any CPU
		{589C2263-82BC-475B-9277-BC59A30CFC44}.Debug|Any CPU.Deploy.0 = Debug|Any CPU
		{589C2263-82BC-475B-9277-BC59A30CFC44}.Debug|ARM.ActiveCfg = Debug|Any CPU
		{589C2263-82BC-475B-9277-BC59A30CFC44}.Debug|ARM.Build.0 = Debug|Any CPU
		{589C2263-82BC-475B-9277-BC59A30CFC44}.Debug|ARM.Deploy.0 = Debug|Any CPU
		{589C2263-82BC-475B-9277-BC59A30CFC44}.Debug|iPhone.ActiveCfg = Debug|Any CPU
		{589C2263-82BC-475B-9277-BC59A30CFC44}.Debug|iPhone.Build.0 = Debug|Any CPU
		{589C2263-82BC-475B-9277-BC59A30CFC44}.Debug|iPhone.Deploy.0 = Debug|Any CPU
		{589C2263-82BC-475B-9277-BC59A30CFC44}.Debug|iPhoneSimulator.ActiveCfg = Debug|Any CPU
		{589C2263-82BC-475B-9277-BC59A30CFC44}.Debug|iPhoneSimulator.Build.0 = Debug|Any CPU
		{589C2263-82BC-475B-9277-BC59A30CFC44}.Debug|iPhoneSimulator.Deploy.0 = Debug|Any CPU
		{589C2263-82BC-475B-9277-BC59A30CFC44}.Debug|x64.ActiveCfg = Debug|Any CPU
		{589C2263-82BC-475B-9277-BC59A30CFC44}.Debug|x64.Build.0 = Debug|Any CPU
		{589C2263-82BC-475B-9277-BC59A30CFC44}.Debug|x64.Deploy.0 = Debug|Any CPU
		{589C2263-82BC-475B-9277-BC59A30CFC44}.Debug|x86.ActiveCfg = Debug|x86
		{589C2263-82BC-475B-9277-BC59A30CFC44}.Debug|x86.Build.0 = Debug|x86
		{589C2263-82BC-475B-9277-BC59A30CFC44}.Debug|x86.Deploy.0 = Debug|x86
		{589C2263-82BC-475B-9277-BC59A30CFC44}.Release|Any CPU.ActiveCfg = Release|Any CPU
		{589C2263-82BC-475B-9277-BC59A30CFC44}.Release|Any CPU.Build.0 = Release|Any CPU
		{589C2263-82BC-475B-9277-BC59A30CFC44}.Release|Any CPU.Deploy.0 = Release|Any CPU
		{589C2263-82BC-475B-9277-BC59A30CFC44}.Release|ARM.ActiveCfg = Release|Any CPU
		{589C2263-82BC-475B-9277-BC59A30CFC44}.Release|ARM.Build.0 = Release|Any CPU
		{589C2263-82BC-475B-9277-BC59A30CFC44}.Release|ARM.Deploy.0 = Release|Any CPU
		{589C2263-82BC-475B-9277-BC59A30CFC44}.Release|iPhone.ActiveCfg = Release|Any CPU
		{589C2263-82BC-475B-9277-BC59A30CFC44}.Release|iPhone.Build.0 = Release|Any CPU
		{589C2263-82BC-475B-9277-BC59A30CFC44}.Release|iPhone.Deploy.0 = Release|Any CPU
		{589C2263-82BC-475B-9277-BC59A30CFC44}.Release|iPhoneSimulator.ActiveCfg = Release|Any CPU
		{589C2263-82BC-475B-9277-BC59A30CFC44}.Release|iPhoneSimulator.Build.0 = Release|Any CPU
		{589C2263-82BC-475B-9277-BC59A30CFC44}.Release|iPhoneSimulator.Deploy.0 = Release|Any CPU
		{589C2263-82BC-475B-9277-BC59A30CFC44}.Release|x64.ActiveCfg = Release|Any CPU
		{589C2263-82BC-475B-9277-BC59A30CFC44}.Release|x64.Build.0 = Release|Any CPU
		{589C2263-82BC-475B-9277-BC59A30CFC44}.Release|x64.Deploy.0 = Release|Any CPU
		{589C2263-82BC-475B-9277-BC59A30CFC44}.Release|x86.ActiveCfg = Release|x86
		{589C2263-82BC-475B-9277-BC59A30CFC44}.Release|x86.Build.0 = Release|x86
		{589C2263-82BC-475B-9277-BC59A30CFC44}.Release|x86.Deploy.0 = Release|x86
		{C173C55E-8CA3-40A3-9EF5-C439726B411D}.Ad-Hoc|Any CPU.ActiveCfg = Ad-Hoc|iPhone
		{C173C55E-8CA3-40A3-9EF5-C439726B411D}.Ad-Hoc|Any CPU.Build.0 = Ad-Hoc|iPhone
		{C173C55E-8CA3-40A3-9EF5-C439726B411D}.Ad-Hoc|Any CPU.Deploy.0 = Ad-Hoc|iPhone
		{C173C55E-8CA3-40A3-9EF5-C439726B411D}.Ad-Hoc|ARM.ActiveCfg = Ad-Hoc|iPhoneSimulator
		{C173C55E-8CA3-40A3-9EF5-C439726B411D}.Ad-Hoc|iPhone.ActiveCfg = Ad-Hoc|iPhone
		{C173C55E-8CA3-40A3-9EF5-C439726B411D}.Ad-Hoc|iPhone.Build.0 = Ad-Hoc|iPhone
		{C173C55E-8CA3-40A3-9EF5-C439726B411D}.Ad-Hoc|iPhone.Deploy.0 = Ad-Hoc|iPhone
		{C173C55E-8CA3-40A3-9EF5-C439726B411D}.Ad-Hoc|iPhoneSimulator.ActiveCfg = Ad-Hoc|iPhoneSimulator
		{C173C55E-8CA3-40A3-9EF5-C439726B411D}.Ad-Hoc|iPhoneSimulator.Build.0 = Ad-Hoc|iPhoneSimulator
		{C173C55E-8CA3-40A3-9EF5-C439726B411D}.Ad-Hoc|iPhoneSimulator.Deploy.0 = Ad-Hoc|iPhoneSimulator
		{C173C55E-8CA3-40A3-9EF5-C439726B411D}.Ad-Hoc|x64.ActiveCfg = Ad-Hoc|iPhoneSimulator
		{C173C55E-8CA3-40A3-9EF5-C439726B411D}.Ad-Hoc|x86.ActiveCfg = Ad-Hoc|iPhoneSimulator
		{C173C55E-8CA3-40A3-9EF5-C439726B411D}.AppStore|Any CPU.ActiveCfg = AppStore|iPhone
		{C173C55E-8CA3-40A3-9EF5-C439726B411D}.AppStore|Any CPU.Build.0 = AppStore|iPhone
		{C173C55E-8CA3-40A3-9EF5-C439726B411D}.AppStore|Any CPU.Deploy.0 = AppStore|iPhone
		{C173C55E-8CA3-40A3-9EF5-C439726B411D}.AppStore|ARM.ActiveCfg = AppStore|iPhoneSimulator
		{C173C55E-8CA3-40A3-9EF5-C439726B411D}.AppStore|iPhone.ActiveCfg = AppStore|iPhone
		{C173C55E-8CA3-40A3-9EF5-C439726B411D}.AppStore|iPhone.Build.0 = AppStore|iPhone
		{C173C55E-8CA3-40A3-9EF5-C439726B411D}.AppStore|iPhone.Deploy.0 = AppStore|iPhone
		{C173C55E-8CA3-40A3-9EF5-C439726B411D}.AppStore|iPhoneSimulator.ActiveCfg = AppStore|iPhoneSimulator
		{C173C55E-8CA3-40A3-9EF5-C439726B411D}.AppStore|iPhoneSimulator.Build.0 = AppStore|iPhoneSimulator
		{C173C55E-8CA3-40A3-9EF5-C439726B411D}.AppStore|iPhoneSimulator.Deploy.0 = AppStore|iPhoneSimulator
		{C173C55E-8CA3-40A3-9EF5-C439726B411D}.AppStore|x64.ActiveCfg = AppStore|iPhoneSimulator
		{C173C55E-8CA3-40A3-9EF5-C439726B411D}.AppStore|x86.ActiveCfg = AppStore|iPhoneSimulator
		{C173C55E-8CA3-40A3-9EF5-C439726B411D}.Debug|Any CPU.ActiveCfg = Debug|iPhoneSimulator
		{C173C55E-8CA3-40A3-9EF5-C439726B411D}.Debug|Any CPU.Build.0 = Debug|iPhoneSimulator
		{C173C55E-8CA3-40A3-9EF5-C439726B411D}.Debug|Any CPU.Deploy.0 = Debug|iPhoneSimulator
		{C173C55E-8CA3-40A3-9EF5-C439726B411D}.Debug|ARM.ActiveCfg = Debug|iPhone
		{C173C55E-8CA3-40A3-9EF5-C439726B411D}.Debug|iPhone.ActiveCfg = Debug|iPhone
		{C173C55E-8CA3-40A3-9EF5-C439726B411D}.Debug|iPhone.Build.0 = Debug|iPhone
		{C173C55E-8CA3-40A3-9EF5-C439726B411D}.Debug|iPhone.Deploy.0 = Debug|iPhone
		{C173C55E-8CA3-40A3-9EF5-C439726B411D}.Debug|iPhoneSimulator.ActiveCfg = Debug|iPhoneSimulator
		{C173C55E-8CA3-40A3-9EF5-C439726B411D}.Debug|iPhoneSimulator.Build.0 = Debug|iPhoneSimulator
		{C173C55E-8CA3-40A3-9EF5-C439726B411D}.Debug|iPhoneSimulator.Deploy.0 = Debug|iPhoneSimulator
		{C173C55E-8CA3-40A3-9EF5-C439726B411D}.Debug|x64.ActiveCfg = Debug|iPhone
		{C173C55E-8CA3-40A3-9EF5-C439726B411D}.Debug|x86.ActiveCfg = Debug|iPhone
		{C173C55E-8CA3-40A3-9EF5-C439726B411D}.Release|Any CPU.ActiveCfg = Release|iPhone
		{C173C55E-8CA3-40A3-9EF5-C439726B411D}.Release|Any CPU.Build.0 = Release|iPhone
		{C173C55E-8CA3-40A3-9EF5-C439726B411D}.Release|Any CPU.Deploy.0 = Release|iPhone
		{C173C55E-8CA3-40A3-9EF5-C439726B411D}.Release|ARM.ActiveCfg = Release|iPhoneSimulator
		{C173C55E-8CA3-40A3-9EF5-C439726B411D}.Release|iPhone.ActiveCfg = Release|iPhone
		{C173C55E-8CA3-40A3-9EF5-C439726B411D}.Release|iPhone.Build.0 = Release|iPhone
		{C173C55E-8CA3-40A3-9EF5-C439726B411D}.Release|iPhone.Deploy.0 = Release|iPhone
		{C173C55E-8CA3-40A3-9EF5-C439726B411D}.Release|iPhoneSimulator.ActiveCfg = Release|iPhoneSimulator
		{C173C55E-8CA3-40A3-9EF5-C439726B411D}.Release|iPhoneSimulator.Build.0 = Release|iPhoneSimulator
		{C173C55E-8CA3-40A3-9EF5-C439726B411D}.Release|iPhoneSimulator.Deploy.0 = Release|iPhoneSimulator
		{C173C55E-8CA3-40A3-9EF5-C439726B411D}.Release|x64.ActiveCfg = Release|iPhoneSimulator
		{C173C55E-8CA3-40A3-9EF5-C439726B411D}.Release|x86.ActiveCfg = Release|iPhoneSimulator
		{7FF9FDC3-CFD7-4A8A-8748-65D984E4D4D5}.Ad-Hoc|Any CPU.ActiveCfg = Debug|Any CPU
		{7FF9FDC3-CFD7-4A8A-8748-65D984E4D4D5}.Ad-Hoc|Any CPU.Build.0 = Debug|Any CPU
		{7FF9FDC3-CFD7-4A8A-8748-65D984E4D4D5}.Ad-Hoc|ARM.ActiveCfg = Release|Any CPU
		{7FF9FDC3-CFD7-4A8A-8748-65D984E4D4D5}.Ad-Hoc|ARM.Build.0 = Release|Any CPU
		{7FF9FDC3-CFD7-4A8A-8748-65D984E4D4D5}.Ad-Hoc|iPhone.ActiveCfg = Debug|Any CPU
		{7FF9FDC3-CFD7-4A8A-8748-65D984E4D4D5}.Ad-Hoc|iPhone.Build.0 = Debug|Any CPU
		{7FF9FDC3-CFD7-4A8A-8748-65D984E4D4D5}.Ad-Hoc|iPhoneSimulator.ActiveCfg = Debug|Any CPU
		{7FF9FDC3-CFD7-4A8A-8748-65D984E4D4D5}.Ad-Hoc|iPhoneSimulator.Build.0 = Debug|Any CPU
		{7FF9FDC3-CFD7-4A8A-8748-65D984E4D4D5}.Ad-Hoc|x64.ActiveCfg = Release|Any CPU
		{7FF9FDC3-CFD7-4A8A-8748-65D984E4D4D5}.Ad-Hoc|x64.Build.0 = Release|Any CPU
		{7FF9FDC3-CFD7-4A8A-8748-65D984E4D4D5}.Ad-Hoc|x86.ActiveCfg = Debug|Any CPU
		{7FF9FDC3-CFD7-4A8A-8748-65D984E4D4D5}.Ad-Hoc|x86.Build.0 = Debug|Any CPU
		{7FF9FDC3-CFD7-4A8A-8748-65D984E4D4D5}.AppStore|Any CPU.ActiveCfg = Debug|Any CPU
		{7FF9FDC3-CFD7-4A8A-8748-65D984E4D4D5}.AppStore|Any CPU.Build.0 = Debug|Any CPU
		{7FF9FDC3-CFD7-4A8A-8748-65D984E4D4D5}.AppStore|ARM.ActiveCfg = Release|Any CPU
		{7FF9FDC3-CFD7-4A8A-8748-65D984E4D4D5}.AppStore|ARM.Build.0 = Release|Any CPU
		{7FF9FDC3-CFD7-4A8A-8748-65D984E4D4D5}.AppStore|iPhone.ActiveCfg = Debug|Any CPU
		{7FF9FDC3-CFD7-4A8A-8748-65D984E4D4D5}.AppStore|iPhone.Build.0 = Debug|Any CPU
		{7FF9FDC3-CFD7-4A8A-8748-65D984E4D4D5}.AppStore|iPhoneSimulator.ActiveCfg = Debug|Any CPU
		{7FF9FDC3-CFD7-4A8A-8748-65D984E4D4D5}.AppStore|iPhoneSimulator.Build.0 = Debug|Any CPU
		{7FF9FDC3-CFD7-4A8A-8748-65D984E4D4D5}.AppStore|x64.ActiveCfg = Release|Any CPU
		{7FF9FDC3-CFD7-4A8A-8748-65D984E4D4D5}.AppStore|x64.Build.0 = Release|Any CPU
		{7FF9FDC3-CFD7-4A8A-8748-65D984E4D4D5}.AppStore|x86.ActiveCfg = Debug|Any CPU
		{7FF9FDC3-CFD7-4A8A-8748-65D984E4D4D5}.AppStore|x86.Build.0 = Debug|Any CPU
		{7FF9FDC3-CFD7-4A8A-8748-65D984E4D4D5}.Debug|Any CPU.ActiveCfg = Debug|Any CPU
		{7FF9FDC3-CFD7-4A8A-8748-65D984E4D4D5}.Debug|Any CPU.Build.0 = Debug|Any CPU
		{7FF9FDC3-CFD7-4A8A-8748-65D984E4D4D5}.Debug|ARM.ActiveCfg = Debug|Any CPU
		{7FF9FDC3-CFD7-4A8A-8748-65D984E4D4D5}.Debug|ARM.Build.0 = Debug|Any CPU
		{7FF9FDC3-CFD7-4A8A-8748-65D984E4D4D5}.Debug|iPhone.ActiveCfg = Debug|Any CPU
		{7FF9FDC3-CFD7-4A8A-8748-65D984E4D4D5}.Debug|iPhone.Build.0 = Debug|Any CPU
		{7FF9FDC3-CFD7-4A8A-8748-65D984E4D4D5}.Debug|iPhoneSimulator.ActiveCfg = Debug|Any CPU
		{7FF9FDC3-CFD7-4A8A-8748-65D984E4D4D5}.Debug|iPhoneSimulator.Build.0 = Debug|Any CPU
		{7FF9FDC3-CFD7-4A8A-8748-65D984E4D4D5}.Debug|x64.ActiveCfg = Debug|Any CPU
		{7FF9FDC3-CFD7-4A8A-8748-65D984E4D4D5}.Debug|x64.Build.0 = Debug|Any CPU
		{7FF9FDC3-CFD7-4A8A-8748-65D984E4D4D5}.Debug|x86.ActiveCfg = Debug|Any CPU
		{7FF9FDC3-CFD7-4A8A-8748-65D984E4D4D5}.Debug|x86.Build.0 = Debug|Any CPU
		{7FF9FDC3-CFD7-4A8A-8748-65D984E4D4D5}.Release|Any CPU.ActiveCfg = Release|Any CPU
		{7FF9FDC3-CFD7-4A8A-8748-65D984E4D4D5}.Release|Any CPU.Build.0 = Release|Any CPU
		{7FF9FDC3-CFD7-4A8A-8748-65D984E4D4D5}.Release|ARM.ActiveCfg = Release|Any CPU
		{7FF9FDC3-CFD7-4A8A-8748-65D984E4D4D5}.Release|ARM.Build.0 = Release|Any CPU
		{7FF9FDC3-CFD7-4A8A-8748-65D984E4D4D5}.Release|iPhone.ActiveCfg = Release|Any CPU
		{7FF9FDC3-CFD7-4A8A-8748-65D984E4D4D5}.Release|iPhone.Build.0 = Release|Any CPU
		{7FF9FDC3-CFD7-4A8A-8748-65D984E4D4D5}.Release|iPhoneSimulator.ActiveCfg = Release|Any CPU
		{7FF9FDC3-CFD7-4A8A-8748-65D984E4D4D5}.Release|iPhoneSimulator.Build.0 = Release|Any CPU
		{7FF9FDC3-CFD7-4A8A-8748-65D984E4D4D5}.Release|x64.ActiveCfg = Release|Any CPU
		{7FF9FDC3-CFD7-4A8A-8748-65D984E4D4D5}.Release|x64.Build.0 = Release|Any CPU
		{7FF9FDC3-CFD7-4A8A-8748-65D984E4D4D5}.Release|x86.ActiveCfg = Release|Any CPU
		{7FF9FDC3-CFD7-4A8A-8748-65D984E4D4D5}.Release|x86.Build.0 = Release|Any CPU
		{E4D8972C-4562-420B-B268-F6728897E0D0}.Ad-Hoc|Any CPU.ActiveCfg = Release|Any CPU
		{E4D8972C-4562-420B-B268-F6728897E0D0}.Ad-Hoc|Any CPU.Build.0 = Release|Any CPU
		{E4D8972C-4562-420B-B268-F6728897E0D0}.Ad-Hoc|ARM.ActiveCfg = Debug|Any CPU
		{E4D8972C-4562-420B-B268-F6728897E0D0}.Ad-Hoc|ARM.Build.0 = Debug|Any CPU
		{E4D8972C-4562-420B-B268-F6728897E0D0}.Ad-Hoc|iPhone.ActiveCfg = Release|Any CPU
		{E4D8972C-4562-420B-B268-F6728897E0D0}.Ad-Hoc|iPhone.Build.0 = Release|Any CPU
		{E4D8972C-4562-420B-B268-F6728897E0D0}.Ad-Hoc|iPhoneSimulator.ActiveCfg = Release|Any CPU
		{E4D8972C-4562-420B-B268-F6728897E0D0}.Ad-Hoc|iPhoneSimulator.Build.0 = Release|Any CPU
		{E4D8972C-4562-420B-B268-F6728897E0D0}.Ad-Hoc|x64.ActiveCfg = Debug|Any CPU
		{E4D8972C-4562-420B-B268-F6728897E0D0}.Ad-Hoc|x64.Build.0 = Debug|Any CPU
		{E4D8972C-4562-420B-B268-F6728897E0D0}.Ad-Hoc|x86.ActiveCfg = Release|Any CPU
		{E4D8972C-4562-420B-B268-F6728897E0D0}.Ad-Hoc|x86.Build.0 = Release|Any CPU
		{E4D8972C-4562-420B-B268-F6728897E0D0}.AppStore|Any CPU.ActiveCfg = Release|Any CPU
		{E4D8972C-4562-420B-B268-F6728897E0D0}.AppStore|Any CPU.Build.0 = Release|Any CPU
		{E4D8972C-4562-420B-B268-F6728897E0D0}.AppStore|ARM.ActiveCfg = Debug|Any CPU
		{E4D8972C-4562-420B-B268-F6728897E0D0}.AppStore|ARM.Build.0 = Debug|Any CPU
		{E4D8972C-4562-420B-B268-F6728897E0D0}.AppStore|iPhone.ActiveCfg = Release|Any CPU
		{E4D8972C-4562-420B-B268-F6728897E0D0}.AppStore|iPhone.Build.0 = Release|Any CPU
		{E4D8972C-4562-420B-B268-F6728897E0D0}.AppStore|iPhoneSimulator.ActiveCfg = Release|Any CPU
		{E4D8972C-4562-420B-B268-F6728897E0D0}.AppStore|iPhoneSimulator.Build.0 = Release|Any CPU
		{E4D8972C-4562-420B-B268-F6728897E0D0}.AppStore|x64.ActiveCfg = Debug|Any CPU
		{E4D8972C-4562-420B-B268-F6728897E0D0}.AppStore|x64.Build.0 = Debug|Any CPU
		{E4D8972C-4562-420B-B268-F6728897E0D0}.AppStore|x86.ActiveCfg = Release|Any CPU
		{E4D8972C-4562-420B-B268-F6728897E0D0}.AppStore|x86.Build.0 = Release|Any CPU
		{E4D8972C-4562-420B-B268-F6728897E0D0}.Debug|Any CPU.ActiveCfg = Debug|Any CPU
		{E4D8972C-4562-420B-B268-F6728897E0D0}.Debug|Any CPU.Build.0 = Debug|Any CPU
		{E4D8972C-4562-420B-B268-F6728897E0D0}.Debug|ARM.ActiveCfg = Debug|Any CPU
		{E4D8972C-4562-420B-B268-F6728897E0D0}.Debug|ARM.Build.0 = Debug|Any CPU
		{E4D8972C-4562-420B-B268-F6728897E0D0}.Debug|iPhone.ActiveCfg = Debug|Any CPU
		{E4D8972C-4562-420B-B268-F6728897E0D0}.Debug|iPhone.Build.0 = Debug|Any CPU
		{E4D8972C-4562-420B-B268-F6728897E0D0}.Debug|iPhoneSimulator.ActiveCfg = Debug|Any CPU
		{E4D8972C-4562-420B-B268-F6728897E0D0}.Debug|iPhoneSimulator.Build.0 = Debug|Any CPU
		{E4D8972C-4562-420B-B268-F6728897E0D0}.Debug|x64.ActiveCfg = Debug|Any CPU
		{E4D8972C-4562-420B-B268-F6728897E0D0}.Debug|x64.Build.0 = Debug|Any CPU
		{E4D8972C-4562-420B-B268-F6728897E0D0}.Debug|x86.ActiveCfg = Debug|Any CPU
		{E4D8972C-4562-420B-B268-F6728897E0D0}.Debug|x86.Build.0 = Debug|Any CPU
		{E4D8972C-4562-420B-B268-F6728897E0D0}.Release|Any CPU.ActiveCfg = Release|Any CPU
		{E4D8972C-4562-420B-B268-F6728897E0D0}.Release|Any CPU.Build.0 = Release|Any CPU
		{E4D8972C-4562-420B-B268-F6728897E0D0}.Release|ARM.ActiveCfg = Release|Any CPU
		{E4D8972C-4562-420B-B268-F6728897E0D0}.Release|ARM.Build.0 = Release|Any CPU
		{E4D8972C-4562-420B-B268-F6728897E0D0}.Release|iPhone.ActiveCfg = Release|Any CPU
		{E4D8972C-4562-420B-B268-F6728897E0D0}.Release|iPhone.Build.0 = Release|Any CPU
		{E4D8972C-4562-420B-B268-F6728897E0D0}.Release|iPhoneSimulator.ActiveCfg = Release|Any CPU
		{E4D8972C-4562-420B-B268-F6728897E0D0}.Release|iPhoneSimulator.Build.0 = Release|Any CPU
		{E4D8972C-4562-420B-B268-F6728897E0D0}.Release|x64.ActiveCfg = Release|Any CPU
		{E4D8972C-4562-420B-B268-F6728897E0D0}.Release|x64.Build.0 = Release|Any CPU
		{E4D8972C-4562-420B-B268-F6728897E0D0}.Release|x86.ActiveCfg = Release|Any CPU
		{E4D8972C-4562-420B-B268-F6728897E0D0}.Release|x86.Build.0 = Release|Any CPU
		{9E040CCC-A0A1-4933-9E7C-4D801EE5B62E}.Ad-Hoc|Any CPU.ActiveCfg = Release|Any CPU
		{9E040CCC-A0A1-4933-9E7C-4D801EE5B62E}.Ad-Hoc|Any CPU.Build.0 = Release|Any CPU
		{9E040CCC-A0A1-4933-9E7C-4D801EE5B62E}.Ad-Hoc|ARM.ActiveCfg = Debug|Any CPU
		{9E040CCC-A0A1-4933-9E7C-4D801EE5B62E}.Ad-Hoc|ARM.Build.0 = Debug|Any CPU
		{9E040CCC-A0A1-4933-9E7C-4D801EE5B62E}.Ad-Hoc|iPhone.ActiveCfg = Release|Any CPU
		{9E040CCC-A0A1-4933-9E7C-4D801EE5B62E}.Ad-Hoc|iPhone.Build.0 = Release|Any CPU
		{9E040CCC-A0A1-4933-9E7C-4D801EE5B62E}.Ad-Hoc|iPhoneSimulator.ActiveCfg = Release|Any CPU
		{9E040CCC-A0A1-4933-9E7C-4D801EE5B62E}.Ad-Hoc|iPhoneSimulator.Build.0 = Release|Any CPU
		{9E040CCC-A0A1-4933-9E7C-4D801EE5B62E}.Ad-Hoc|x64.ActiveCfg = Debug|Any CPU
		{9E040CCC-A0A1-4933-9E7C-4D801EE5B62E}.Ad-Hoc|x64.Build.0 = Debug|Any CPU
		{9E040CCC-A0A1-4933-9E7C-4D801EE5B62E}.Ad-Hoc|x86.ActiveCfg = Release|Any CPU
		{9E040CCC-A0A1-4933-9E7C-4D801EE5B62E}.Ad-Hoc|x86.Build.0 = Release|Any CPU
		{9E040CCC-A0A1-4933-9E7C-4D801EE5B62E}.AppStore|Any CPU.ActiveCfg = Release|Any CPU
		{9E040CCC-A0A1-4933-9E7C-4D801EE5B62E}.AppStore|Any CPU.Build.0 = Release|Any CPU
		{9E040CCC-A0A1-4933-9E7C-4D801EE5B62E}.AppStore|ARM.ActiveCfg = Debug|Any CPU
		{9E040CCC-A0A1-4933-9E7C-4D801EE5B62E}.AppStore|ARM.Build.0 = Debug|Any CPU
		{9E040CCC-A0A1-4933-9E7C-4D801EE5B62E}.AppStore|iPhone.ActiveCfg = Release|Any CPU
		{9E040CCC-A0A1-4933-9E7C-4D801EE5B62E}.AppStore|iPhone.Build.0 = Release|Any CPU
		{9E040CCC-A0A1-4933-9E7C-4D801EE5B62E}.AppStore|iPhoneSimulator.ActiveCfg = Release|Any CPU
		{9E040CCC-A0A1-4933-9E7C-4D801EE5B62E}.AppStore|iPhoneSimulator.Build.0 = Release|Any CPU
		{9E040CCC-A0A1-4933-9E7C-4D801EE5B62E}.AppStore|x64.ActiveCfg = Debug|Any CPU
		{9E040CCC-A0A1-4933-9E7C-4D801EE5B62E}.AppStore|x64.Build.0 = Debug|Any CPU
		{9E040CCC-A0A1-4933-9E7C-4D801EE5B62E}.AppStore|x86.ActiveCfg = Release|Any CPU
		{9E040CCC-A0A1-4933-9E7C-4D801EE5B62E}.AppStore|x86.Build.0 = Release|Any CPU
		{9E040CCC-A0A1-4933-9E7C-4D801EE5B62E}.Debug|Any CPU.ActiveCfg = Debug|Any CPU
		{9E040CCC-A0A1-4933-9E7C-4D801EE5B62E}.Debug|Any CPU.Build.0 = Debug|Any CPU
		{9E040CCC-A0A1-4933-9E7C-4D801EE5B62E}.Debug|ARM.ActiveCfg = Debug|Any CPU
		{9E040CCC-A0A1-4933-9E7C-4D801EE5B62E}.Debug|ARM.Build.0 = Debug|Any CPU
		{9E040CCC-A0A1-4933-9E7C-4D801EE5B62E}.Debug|iPhone.ActiveCfg = Debug|Any CPU
		{9E040CCC-A0A1-4933-9E7C-4D801EE5B62E}.Debug|iPhone.Build.0 = Debug|Any CPU
		{9E040CCC-A0A1-4933-9E7C-4D801EE5B62E}.Debug|iPhoneSimulator.ActiveCfg = Debug|Any CPU
		{9E040CCC-A0A1-4933-9E7C-4D801EE5B62E}.Debug|iPhoneSimulator.Build.0 = Debug|Any CPU
		{9E040CCC-A0A1-4933-9E7C-4D801EE5B62E}.Debug|x64.ActiveCfg = Debug|Any CPU
		{9E040CCC-A0A1-4933-9E7C-4D801EE5B62E}.Debug|x64.Build.0 = Debug|Any CPU
		{9E040CCC-A0A1-4933-9E7C-4D801EE5B62E}.Debug|x86.ActiveCfg = Debug|Any CPU
		{9E040CCC-A0A1-4933-9E7C-4D801EE5B62E}.Debug|x86.Build.0 = Debug|Any CPU
		{9E040CCC-A0A1-4933-9E7C-4D801EE5B62E}.Release|Any CPU.ActiveCfg = Release|Any CPU
		{9E040CCC-A0A1-4933-9E7C-4D801EE5B62E}.Release|Any CPU.Build.0 = Release|Any CPU
		{9E040CCC-A0A1-4933-9E7C-4D801EE5B62E}.Release|ARM.ActiveCfg = Release|Any CPU
		{9E040CCC-A0A1-4933-9E7C-4D801EE5B62E}.Release|ARM.Build.0 = Release|Any CPU
		{9E040CCC-A0A1-4933-9E7C-4D801EE5B62E}.Release|iPhone.ActiveCfg = Release|Any CPU
		{9E040CCC-A0A1-4933-9E7C-4D801EE5B62E}.Release|iPhone.Build.0 = Release|Any CPU
		{9E040CCC-A0A1-4933-9E7C-4D801EE5B62E}.Release|iPhoneSimulator.ActiveCfg = Release|Any CPU
		{9E040CCC-A0A1-4933-9E7C-4D801EE5B62E}.Release|iPhoneSimulator.Build.0 = Release|Any CPU
		{9E040CCC-A0A1-4933-9E7C-4D801EE5B62E}.Release|x64.ActiveCfg = Release|Any CPU
		{9E040CCC-A0A1-4933-9E7C-4D801EE5B62E}.Release|x64.Build.0 = Release|Any CPU
		{9E040CCC-A0A1-4933-9E7C-4D801EE5B62E}.Release|x86.ActiveCfg = Release|Any CPU
		{9E040CCC-A0A1-4933-9E7C-4D801EE5B62E}.Release|x86.Build.0 = Release|Any CPU
		{9A8B88B7-9087-4F16-BD60-29D959CD893F}.Ad-Hoc|Any CPU.ActiveCfg = Release|x64
		{9A8B88B7-9087-4F16-BD60-29D959CD893F}.Ad-Hoc|Any CPU.Build.0 = Release|x64
		{9A8B88B7-9087-4F16-BD60-29D959CD893F}.Ad-Hoc|Any CPU.Deploy.0 = Release|x64
		{9A8B88B7-9087-4F16-BD60-29D959CD893F}.Ad-Hoc|ARM.ActiveCfg = Release|ARM
		{9A8B88B7-9087-4F16-BD60-29D959CD893F}.Ad-Hoc|ARM.Build.0 = Release|ARM
		{9A8B88B7-9087-4F16-BD60-29D959CD893F}.Ad-Hoc|ARM.Deploy.0 = Release|ARM
		{9A8B88B7-9087-4F16-BD60-29D959CD893F}.Ad-Hoc|iPhone.ActiveCfg = Release|x64
		{9A8B88B7-9087-4F16-BD60-29D959CD893F}.Ad-Hoc|iPhone.Build.0 = Release|x64
		{9A8B88B7-9087-4F16-BD60-29D959CD893F}.Ad-Hoc|iPhone.Deploy.0 = Release|x64
		{9A8B88B7-9087-4F16-BD60-29D959CD893F}.Ad-Hoc|iPhoneSimulator.ActiveCfg = Release|x64
		{9A8B88B7-9087-4F16-BD60-29D959CD893F}.Ad-Hoc|iPhoneSimulator.Build.0 = Release|x64
		{9A8B88B7-9087-4F16-BD60-29D959CD893F}.Ad-Hoc|iPhoneSimulator.Deploy.0 = Release|x64
		{9A8B88B7-9087-4F16-BD60-29D959CD893F}.Ad-Hoc|x64.ActiveCfg = Release|x64
		{9A8B88B7-9087-4F16-BD60-29D959CD893F}.Ad-Hoc|x64.Build.0 = Release|x64
		{9A8B88B7-9087-4F16-BD60-29D959CD893F}.Ad-Hoc|x64.Deploy.0 = Release|x64
		{9A8B88B7-9087-4F16-BD60-29D959CD893F}.Ad-Hoc|x86.ActiveCfg = Release|x86
		{9A8B88B7-9087-4F16-BD60-29D959CD893F}.Ad-Hoc|x86.Build.0 = Release|x86
		{9A8B88B7-9087-4F16-BD60-29D959CD893F}.Ad-Hoc|x86.Deploy.0 = Release|x86
		{9A8B88B7-9087-4F16-BD60-29D959CD893F}.AppStore|Any CPU.ActiveCfg = Release|x64
		{9A8B88B7-9087-4F16-BD60-29D959CD893F}.AppStore|Any CPU.Build.0 = Release|x64
		{9A8B88B7-9087-4F16-BD60-29D959CD893F}.AppStore|Any CPU.Deploy.0 = Release|x64
		{9A8B88B7-9087-4F16-BD60-29D959CD893F}.AppStore|ARM.ActiveCfg = Release|ARM
		{9A8B88B7-9087-4F16-BD60-29D959CD893F}.AppStore|ARM.Build.0 = Release|ARM
		{9A8B88B7-9087-4F16-BD60-29D959CD893F}.AppStore|ARM.Deploy.0 = Release|ARM
		{9A8B88B7-9087-4F16-BD60-29D959CD893F}.AppStore|iPhone.ActiveCfg = Release|x64
		{9A8B88B7-9087-4F16-BD60-29D959CD893F}.AppStore|iPhone.Build.0 = Release|x64
		{9A8B88B7-9087-4F16-BD60-29D959CD893F}.AppStore|iPhone.Deploy.0 = Release|x64
		{9A8B88B7-9087-4F16-BD60-29D959CD893F}.AppStore|iPhoneSimulator.ActiveCfg = Release|x64
		{9A8B88B7-9087-4F16-BD60-29D959CD893F}.AppStore|iPhoneSimulator.Build.0 = Release|x64
		{9A8B88B7-9087-4F16-BD60-29D959CD893F}.AppStore|iPhoneSimulator.Deploy.0 = Release|x64
		{9A8B88B7-9087-4F16-BD60-29D959CD893F}.AppStore|x64.ActiveCfg = Release|x64
		{9A8B88B7-9087-4F16-BD60-29D959CD893F}.AppStore|x64.Build.0 = Release|x64
		{9A8B88B7-9087-4F16-BD60-29D959CD893F}.AppStore|x64.Deploy.0 = Release|x64
		{9A8B88B7-9087-4F16-BD60-29D959CD893F}.AppStore|x86.ActiveCfg = Release|x86
		{9A8B88B7-9087-4F16-BD60-29D959CD893F}.AppStore|x86.Build.0 = Release|x86
		{9A8B88B7-9087-4F16-BD60-29D959CD893F}.AppStore|x86.Deploy.0 = Release|x86
		{9A8B88B7-9087-4F16-BD60-29D959CD893F}.Debug|Any CPU.ActiveCfg = Debug|x86
		{9A8B88B7-9087-4F16-BD60-29D959CD893F}.Debug|ARM.ActiveCfg = Debug|ARM
		{9A8B88B7-9087-4F16-BD60-29D959CD893F}.Debug|ARM.Build.0 = Debug|ARM
		{9A8B88B7-9087-4F16-BD60-29D959CD893F}.Debug|ARM.Deploy.0 = Debug|ARM
		{9A8B88B7-9087-4F16-BD60-29D959CD893F}.Debug|iPhone.ActiveCfg = Debug|x86
		{9A8B88B7-9087-4F16-BD60-29D959CD893F}.Debug|iPhoneSimulator.ActiveCfg = Debug|x86
		{9A8B88B7-9087-4F16-BD60-29D959CD893F}.Debug|x64.ActiveCfg = Debug|x64
		{9A8B88B7-9087-4F16-BD60-29D959CD893F}.Debug|x64.Build.0 = Debug|x64
		{9A8B88B7-9087-4F16-BD60-29D959CD893F}.Debug|x64.Deploy.0 = Debug|x64
		{9A8B88B7-9087-4F16-BD60-29D959CD893F}.Debug|x86.ActiveCfg = Debug|x86
		{9A8B88B7-9087-4F16-BD60-29D959CD893F}.Debug|x86.Build.0 = Debug|x86
		{9A8B88B7-9087-4F16-BD60-29D959CD893F}.Debug|x86.Deploy.0 = Debug|x86
		{9A8B88B7-9087-4F16-BD60-29D959CD893F}.Release|Any CPU.ActiveCfg = Release|x86
		{9A8B88B7-9087-4F16-BD60-29D959CD893F}.Release|ARM.ActiveCfg = Release|ARM
		{9A8B88B7-9087-4F16-BD60-29D959CD893F}.Release|ARM.Build.0 = Release|ARM
		{9A8B88B7-9087-4F16-BD60-29D959CD893F}.Release|ARM.Deploy.0 = Release|ARM
		{9A8B88B7-9087-4F16-BD60-29D959CD893F}.Release|iPhone.ActiveCfg = Release|x86
		{9A8B88B7-9087-4F16-BD60-29D959CD893F}.Release|iPhoneSimulator.ActiveCfg = Release|x86
		{9A8B88B7-9087-4F16-BD60-29D959CD893F}.Release|x64.ActiveCfg = Release|x64
		{9A8B88B7-9087-4F16-BD60-29D959CD893F}.Release|x64.Build.0 = Release|x64
		{9A8B88B7-9087-4F16-BD60-29D959CD893F}.Release|x64.Deploy.0 = Release|x64
		{9A8B88B7-9087-4F16-BD60-29D959CD893F}.Release|x86.ActiveCfg = Release|x86
		{9A8B88B7-9087-4F16-BD60-29D959CD893F}.Release|x86.Build.0 = Release|x86
		{9A8B88B7-9087-4F16-BD60-29D959CD893F}.Release|x86.Deploy.0 = Release|x86
		{5B620E35-C289-4840-80F6-5CFA59609B00}.Ad-Hoc|Any CPU.ActiveCfg = Release|Any CPU
		{5B620E35-C289-4840-80F6-5CFA59609B00}.Ad-Hoc|Any CPU.Build.0 = Release|Any CPU
		{5B620E35-C289-4840-80F6-5CFA59609B00}.Ad-Hoc|ARM.ActiveCfg = Release|Any CPU
		{5B620E35-C289-4840-80F6-5CFA59609B00}.Ad-Hoc|ARM.Build.0 = Release|Any CPU
		{5B620E35-C289-4840-80F6-5CFA59609B00}.Ad-Hoc|iPhone.ActiveCfg = Release|Any CPU
		{5B620E35-C289-4840-80F6-5CFA59609B00}.Ad-Hoc|iPhone.Build.0 = Release|Any CPU
		{5B620E35-C289-4840-80F6-5CFA59609B00}.Ad-Hoc|iPhoneSimulator.ActiveCfg = Release|Any CPU
		{5B620E35-C289-4840-80F6-5CFA59609B00}.Ad-Hoc|iPhoneSimulator.Build.0 = Release|Any CPU
		{5B620E35-C289-4840-80F6-5CFA59609B00}.Ad-Hoc|x64.ActiveCfg = Release|Any CPU
		{5B620E35-C289-4840-80F6-5CFA59609B00}.Ad-Hoc|x64.Build.0 = Release|Any CPU
		{5B620E35-C289-4840-80F6-5CFA59609B00}.Ad-Hoc|x86.ActiveCfg = Release|Any CPU
		{5B620E35-C289-4840-80F6-5CFA59609B00}.Ad-Hoc|x86.Build.0 = Release|Any CPU
		{5B620E35-C289-4840-80F6-5CFA59609B00}.AppStore|Any CPU.ActiveCfg = Release|Any CPU
		{5B620E35-C289-4840-80F6-5CFA59609B00}.AppStore|Any CPU.Build.0 = Release|Any CPU
		{5B620E35-C289-4840-80F6-5CFA59609B00}.AppStore|ARM.ActiveCfg = Release|Any CPU
		{5B620E35-C289-4840-80F6-5CFA59609B00}.AppStore|ARM.Build.0 = Release|Any CPU
		{5B620E35-C289-4840-80F6-5CFA59609B00}.AppStore|iPhone.ActiveCfg = Release|Any CPU
		{5B620E35-C289-4840-80F6-5CFA59609B00}.AppStore|iPhone.Build.0 = Release|Any CPU
		{5B620E35-C289-4840-80F6-5CFA59609B00}.AppStore|iPhoneSimulator.ActiveCfg = Release|Any CPU
		{5B620E35-C289-4840-80F6-5CFA59609B00}.AppStore|iPhoneSimulator.Build.0 = Release|Any CPU
		{5B620E35-C289-4840-80F6-5CFA59609B00}.AppStore|x64.ActiveCfg = Release|Any CPU
		{5B620E35-C289-4840-80F6-5CFA59609B00}.AppStore|x64.Build.0 = Release|Any CPU
		{5B620E35-C289-4840-80F6-5CFA59609B00}.AppStore|x86.ActiveCfg = Release|Any CPU
		{5B620E35-C289-4840-80F6-5CFA59609B00}.AppStore|x86.Build.0 = Release|Any CPU
		{5B620E35-C289-4840-80F6-5CFA59609B00}.Debug|Any CPU.ActiveCfg = Debug|Any CPU
		{5B620E35-C289-4840-80F6-5CFA59609B00}.Debug|Any CPU.Build.0 = Debug|Any CPU
		{5B620E35-C289-4840-80F6-5CFA59609B00}.Debug|ARM.ActiveCfg = Debug|Any CPU
		{5B620E35-C289-4840-80F6-5CFA59609B00}.Debug|ARM.Build.0 = Debug|Any CPU
		{5B620E35-C289-4840-80F6-5CFA59609B00}.Debug|iPhone.ActiveCfg = Debug|Any CPU
		{5B620E35-C289-4840-80F6-5CFA59609B00}.Debug|iPhone.Build.0 = Debug|Any CPU
		{5B620E35-C289-4840-80F6-5CFA59609B00}.Debug|iPhoneSimulator.ActiveCfg = Debug|Any CPU
		{5B620E35-C289-4840-80F6-5CFA59609B00}.Debug|iPhoneSimulator.Build.0 = Debug|Any CPU
		{5B620E35-C289-4840-80F6-5CFA59609B00}.Debug|x64.ActiveCfg = Debug|Any CPU
		{5B620E35-C289-4840-80F6-5CFA59609B00}.Debug|x64.Build.0 = Debug|Any CPU
		{5B620E35-C289-4840-80F6-5CFA59609B00}.Debug|x86.ActiveCfg = Debug|Any CPU
		{5B620E35-C289-4840-80F6-5CFA59609B00}.Debug|x86.Build.0 = Debug|Any CPU
		{5B620E35-C289-4840-80F6-5CFA59609B00}.Release|Any CPU.ActiveCfg = Release|Any CPU
		{5B620E35-C289-4840-80F6-5CFA59609B00}.Release|Any CPU.Build.0 = Release|Any CPU
		{5B620E35-C289-4840-80F6-5CFA59609B00}.Release|ARM.ActiveCfg = Release|Any CPU
		{5B620E35-C289-4840-80F6-5CFA59609B00}.Release|ARM.Build.0 = Release|Any CPU
		{5B620E35-C289-4840-80F6-5CFA59609B00}.Release|iPhone.ActiveCfg = Release|Any CPU
		{5B620E35-C289-4840-80F6-5CFA59609B00}.Release|iPhone.Build.0 = Release|Any CPU
		{5B620E35-C289-4840-80F6-5CFA59609B00}.Release|iPhoneSimulator.ActiveCfg = Release|Any CPU
		{5B620E35-C289-4840-80F6-5CFA59609B00}.Release|iPhoneSimulator.Build.0 = Release|Any CPU
		{5B620E35-C289-4840-80F6-5CFA59609B00}.Release|x64.ActiveCfg = Release|Any CPU
		{5B620E35-C289-4840-80F6-5CFA59609B00}.Release|x64.Build.0 = Release|Any CPU
		{5B620E35-C289-4840-80F6-5CFA59609B00}.Release|x86.ActiveCfg = Release|Any CPU
		{5B620E35-C289-4840-80F6-5CFA59609B00}.Release|x86.Build.0 = Release|Any CPU
	EndGlobalSection
	GlobalSection(SolutionProperties) = preSolution
		HideSolutionNode = FALSE
	EndGlobalSection
	GlobalSection(NestedProjects) = preSolution
		{589C2263-82BC-475B-9277-BC59A30CFC44} = {2035D7BF-F9CC-4801-B81A-65E797FE9074}
		{C173C55E-8CA3-40A3-9EF5-C439726B411D} = {2035D7BF-F9CC-4801-B81A-65E797FE9074}
		{E74B57C0-2C6E-4736-929C-5FE60DE8254B} = {2035D7BF-F9CC-4801-B81A-65E797FE9074}
		{7FF9FDC3-CFD7-4A8A-8748-65D984E4D4D5} = {236A048A-91B0-44EB-B632-9526F5A92381}
		{E4D8972C-4562-420B-B268-F6728897E0D0} = {19FEC03E-2A98-406D-8ED2-472D0346BF6F}
		{9E040CCC-A0A1-4933-9E7C-4D801EE5B62E} = {2035D7BF-F9CC-4801-B81A-65E797FE9074}
		{9A8B88B7-9087-4F16-BD60-29D959CD893F} = {2035D7BF-F9CC-4801-B81A-65E797FE9074}
		{5B620E35-C289-4840-80F6-5CFA59609B00} = {2035D7BF-F9CC-4801-B81A-65E797FE9074}
	EndGlobalSection
	GlobalSection(ExtensibilityGlobals) = postSolution
		SolutionGuid = {062FEC6D-25CA-408A-94B4-AE4E0985A249}
	EndGlobalSection
EndGlobal
