
Microsoft Visual Studio Solution File, Format Version 12.00
# Visual Studio 15
VisualStudioVersion = 15.0.27703.2026
MinimumVisualStudioVersion = 10.0.40219.1
Project("{FAE04EC0-301F-11D3-BF4B-00C04F79EFBC}") = "TestApp.Android", "TestApp\Xamarin\TestApp.Android\TestApp.Android.csproj", "{589C2263-82BC-475B-9277-BC59A30CFC44}"
EndProject
Project("{FAE04EC0-301F-11D3-BF4B-00C04F79EFBC}") = "TestApp.iOS", "TestApp\Xamarin\TestApp.iOS\TestApp.iOS.csproj", "{C173C55E-8CA3-40A3-9EF5-C439726B411D}"
EndProject
Project("{D954291E-2A0B-460D-934E-DC6B0785DB48}") = "TestApp", "TestApp\Xamarin\TestApp\TestApp.shproj", "{E74B57C0-2C6E-4736-929C-5FE60DE8254B}"
EndProject
Project("{2150E333-8FDC-42A3-9474-1A3956D46DE8}") = "Xamarin", "Xamarin", "{2035D7BF-F9CC-4801-B81A-65E797FE9074}"
EndProject
Project("{2150E333-8FDC-42A3-9474-1A3956D46DE8}") = "WPF", "WPF", "{19FEC03E-2A98-406D-8ED2-472D0346BF6F}"
EndProject
Project("{2150E333-8FDC-42A3-9474-1A3956D46DE8}") = "Shared", "Shared", "{236A048A-91B0-44EB-B632-9526F5A92381}"
EndProject
Project("{FAE04EC0-301F-11D3-BF4B-00C04F79EFBC}") = "SharedLibrary", "SharedLibrary\SharedLibrary.csproj", "{7FF9FDC3-CFD7-4A8A-8748-65D984E4D4D5}"
EndProject
Project("{FAE04EC0-301F-11D3-BF4B-00C04F79EFBC}") = "TestApp.WPF", "TestApp.WPF\TestApp.WPF.csproj", "{E4D8972C-4562-420B-B268-F6728897E0D0}"
EndProject
Global
	GlobalSection(SharedMSBuildProjectFiles) = preSolution
		TestApp\Xamarin\TestApp\TestApp.projitems*{589c2263-82bc-475b-9277-bc59a30cfc44}*SharedItemsImports = 4
		TestApp\Xamarin\TestApp\TestApp.projitems*{c173c55e-8ca3-40a3-9ef5-c439726b411d}*SharedItemsImports = 4
		TestApp\Xamarin\TestApp\TestApp.projitems*{e74b57c0-2c6e-4736-929c-5fe60de8254b}*SharedItemsImports = 13
	EndGlobalSection
	GlobalSection(SolutionConfigurationPlatforms) = preSolution
		Ad-Hoc|Any CPU = Ad-Hoc|Any CPU
		Ad-Hoc|iPhone = Ad-Hoc|iPhone
		Ad-Hoc|iPhoneSimulator = Ad-Hoc|iPhoneSimulator
		Ad-Hoc|x86 = Ad-Hoc|x86
		AppStore|Any CPU = AppStore|Any CPU
		AppStore|iPhone = AppStore|iPhone
		AppStore|iPhoneSimulator = AppStore|iPhoneSimulator
		AppStore|x86 = AppStore|x86
		Debug|Any CPU = Debug|Any CPU
		Debug|iPhone = Debug|iPhone
		Debug|iPhoneSimulator = Debug|iPhoneSimulator
		Debug|x86 = Debug|x86
		Release|Any CPU = Release|Any CPU
		Release|iPhone = Release|iPhone
		Release|iPhoneSimulator = Release|iPhoneSimulator
		Release|x86 = Release|x86
	EndGlobalSection
	GlobalSection(ProjectConfigurationPlatforms) = postSolution
		{589C2263-82BC-475B-9277-BC59A30CFC44}.Ad-Hoc|Any CPU.ActiveCfg = Release|Any CPU
		{589C2263-82BC-475B-9277-BC59A30CFC44}.Ad-Hoc|Any CPU.Build.0 = Release|Any CPU
		{589C2263-82BC-475B-9277-BC59A30CFC44}.Ad-Hoc|Any CPU.Deploy.0 = Release|Any CPU
		{589C2263-82BC-475B-9277-BC59A30CFC44}.Ad-Hoc|iPhone.ActiveCfg = Release|Any CPU
		{589C2263-82BC-475B-9277-BC59A30CFC44}.Ad-Hoc|iPhone.Build.0 = Release|Any CPU
		{589C2263-82BC-475B-9277-BC59A30CFC44}.Ad-Hoc|iPhone.Deploy.0 = Release|Any CPU
		{589C2263-82BC-475B-9277-BC59A30CFC44}.Ad-Hoc|iPhoneSimulator.ActiveCfg = Release|Any CPU
		{589C2263-82BC-475B-9277-BC59A30CFC44}.Ad-Hoc|iPhoneSimulator.Build.0 = Release|Any CPU
		{589C2263-82BC-475B-9277-BC59A30CFC44}.Ad-Hoc|iPhoneSimulator.Deploy.0 = Release|Any CPU
		{589C2263-82BC-475B-9277-BC59A30CFC44}.Ad-Hoc|x86.ActiveCfg = Release|x86
		{589C2263-82BC-475B-9277-BC59A30CFC44}.Ad-Hoc|x86.Build.0 = Release|x86
		{589C2263-82BC-475B-9277-BC59A30CFC44}.Ad-Hoc|x86.Deploy.0 = Release|x86
		{589C2263-82BC-475B-9277-BC59A30CFC44}.AppStore|Any CPU.ActiveCfg = Release|Any CPU
		{589C2263-82BC-475B-9277-BC59A30CFC44}.AppStore|Any CPU.Build.0 = Release|Any CPU
		{589C2263-82BC-475B-9277-BC59A30CFC44}.AppStore|Any CPU.Deploy.0 = Release|Any CPU
		{589C2263-82BC-475B-9277-BC59A30CFC44}.AppStore|iPhone.ActiveCfg = Release|Any CPU
		{589C2263-82BC-475B-9277-BC59A30CFC44}.AppStore|iPhone.Build.0 = Release|Any CPU
		{589C2263-82BC-475B-9277-BC59A30CFC44}.AppStore|iPhone.Deploy.0 = Release|Any CPU
		{589C2263-82BC-475B-9277-BC59A30CFC44}.AppStore|iPhoneSimulator.ActiveCfg = Release|Any CPU
		{589C2263-82BC-475B-9277-BC59A30CFC44}.AppStore|iPhoneSimulator.Build.0 = Release|Any CPU
		{589C2263-82BC-475B-9277-BC59A30CFC44}.AppStore|iPhoneSimulator.Deploy.0 = Release|Any CPU
		{589C2263-82BC-475B-9277-BC59A30CFC44}.AppStore|x86.ActiveCfg = Release|x86
		{589C2263-82BC-475B-9277-BC59A30CFC44}.AppStore|x86.Build.0 = Release|x86
		{589C2263-82BC-475B-9277-BC59A30CFC44}.AppStore|x86.Deploy.0 = Release|x86
		{589C2263-82BC-475B-9277-BC59A30CFC44}.Debug|Any CPU.ActiveCfg = Debug|Any CPU
		{589C2263-82BC-475B-9277-BC59A30CFC44}.Debug|Any CPU.Build.0 = Debug|Any CPU
		{589C2263-82BC-475B-9277-BC59A30CFC44}.Debug|Any CPU.Deploy.0 = Debug|Any CPU
		{589C2263-82BC-475B-9277-BC59A30CFC44}.Debug|iPhone.ActiveCfg = Debug|Any CPU
		{589C2263-82BC-475B-9277-BC59A30CFC44}.Debug|iPhone.Build.0 = Debug|Any CPU
		{589C2263-82BC-475B-9277-BC59A30CFC44}.Debug|iPhone.Deploy.0 = Debug|Any CPU
		{589C2263-82BC-475B-9277-BC59A30CFC44}.Debug|iPhoneSimulator.ActiveCfg = Debug|Any CPU
		{589C2263-82BC-475B-9277-BC59A30CFC44}.Debug|iPhoneSimulator.Build.0 = Debug|Any CPU
		{589C2263-82BC-475B-9277-BC59A30CFC44}.Debug|iPhoneSimulator.Deploy.0 = Debug|Any CPU
		{589C2263-82BC-475B-9277-BC59A30CFC44}.Debug|x86.ActiveCfg = Debug|x86
		{589C2263-82BC-475B-9277-BC59A30CFC44}.Debug|x86.Build.0 = Debug|x86
		{589C2263-82BC-475B-9277-BC59A30CFC44}.Debug|x86.Deploy.0 = Debug|x86
		{589C2263-82BC-475B-9277-BC59A30CFC44}.Release|Any CPU.ActiveCfg = Release|Any CPU
		{589C2263-82BC-475B-9277-BC59A30CFC44}.Release|Any CPU.Build.0 = Release|Any CPU
		{589C2263-82BC-475B-9277-BC59A30CFC44}.Release|Any CPU.Deploy.0 = Release|Any CPU
		{589C2263-82BC-475B-9277-BC59A30CFC44}.Release|iPhone.ActiveCfg = Release|Any CPU
		{589C2263-82BC-475B-9277-BC59A30CFC44}.Release|iPhone.Build.0 = Release|Any CPU
		{589C2263-82BC-475B-9277-BC59A30CFC44}.Release|iPhone.Deploy.0 = Release|Any CPU
		{589C2263-82BC-475B-9277-BC59A30CFC44}.Release|iPhoneSimulator.ActiveCfg = Release|Any CPU
		{589C2263-82BC-475B-9277-BC59A30CFC44}.Release|iPhoneSimulator.Build.0 = Release|Any CPU
		{589C2263-82BC-475B-9277-BC59A30CFC44}.Release|iPhoneSimulator.Deploy.0 = Release|Any CPU
		{589C2263-82BC-475B-9277-BC59A30CFC44}.Release|x86.ActiveCfg = Release|x86
		{589C2263-82BC-475B-9277-BC59A30CFC44}.Release|x86.Build.0 = Release|x86
		{589C2263-82BC-475B-9277-BC59A30CFC44}.Release|x86.Deploy.0 = Release|x86
		{C173C55E-8CA3-40A3-9EF5-C439726B411D}.Ad-Hoc|Any CPU.ActiveCfg = Ad-Hoc|iPhone
		{C173C55E-8CA3-40A3-9EF5-C439726B411D}.Ad-Hoc|Any CPU.Build.0 = Ad-Hoc|iPhone
		{C173C55E-8CA3-40A3-9EF5-C439726B411D}.Ad-Hoc|Any CPU.Deploy.0 = Ad-Hoc|iPhone
		{C173C55E-8CA3-40A3-9EF5-C439726B411D}.Ad-Hoc|iPhone.ActiveCfg = Ad-Hoc|iPhone
		{C173C55E-8CA3-40A3-9EF5-C439726B411D}.Ad-Hoc|iPhone.Build.0 = Ad-Hoc|iPhone
		{C173C55E-8CA3-40A3-9EF5-C439726B411D}.Ad-Hoc|iPhone.Deploy.0 = Ad-Hoc|iPhone
		{C173C55E-8CA3-40A3-9EF5-C439726B411D}.Ad-Hoc|iPhoneSimulator.ActiveCfg = Ad-Hoc|iPhoneSimulator
		{C173C55E-8CA3-40A3-9EF5-C439726B411D}.Ad-Hoc|iPhoneSimulator.Build.0 = Ad-Hoc|iPhoneSimulator
		{C173C55E-8CA3-40A3-9EF5-C439726B411D}.Ad-Hoc|iPhoneSimulator.Deploy.0 = Ad-Hoc|iPhoneSimulator
		{C173C55E-8CA3-40A3-9EF5-C439726B411D}.Ad-Hoc|x86.ActiveCfg = Ad-Hoc|iPhoneSimulator
		{C173C55E-8CA3-40A3-9EF5-C439726B411D}.AppStore|Any CPU.ActiveCfg = AppStore|iPhone
		{C173C55E-8CA3-40A3-9EF5-C439726B411D}.AppStore|Any CPU.Build.0 = AppStore|iPhone
		{C173C55E-8CA3-40A3-9EF5-C439726B411D}.AppStore|Any CPU.Deploy.0 = AppStore|iPhone
		{C173C55E-8CA3-40A3-9EF5-C439726B411D}.AppStore|iPhone.ActiveCfg = AppStore|iPhone
		{C173C55E-8CA3-40A3-9EF5-C439726B411D}.AppStore|iPhone.Build.0 = AppStore|iPhone
		{C173C55E-8CA3-40A3-9EF5-C439726B411D}.AppStore|iPhone.Deploy.0 = AppStore|iPhone
		{C173C55E-8CA3-40A3-9EF5-C439726B411D}.AppStore|iPhoneSimulator.ActiveCfg = AppStore|iPhoneSimulator
		{C173C55E-8CA3-40A3-9EF5-C439726B411D}.AppStore|iPhoneSimulator.Build.0 = AppStore|iPhoneSimulator
		{C173C55E-8CA3-40A3-9EF5-C439726B411D}.AppStore|iPhoneSimulator.Deploy.0 = AppStore|iPhoneSimulator
		{C173C55E-8CA3-40A3-9EF5-C439726B411D}.AppStore|x86.ActiveCfg = AppStore|iPhoneSimulator
		{C173C55E-8CA3-40A3-9EF5-C439726B411D}.Debug|Any CPU.ActiveCfg = Debug|iPhoneSimulator
		{C173C55E-8CA3-40A3-9EF5-C439726B411D}.Debug|Any CPU.Build.0 = Debug|iPhoneSimulator
		{C173C55E-8CA3-40A3-9EF5-C439726B411D}.Debug|Any CPU.Deploy.0 = Debug|iPhoneSimulator
		{C173C55E-8CA3-40A3-9EF5-C439726B411D}.Debug|iPhone.ActiveCfg = Debug|iPhone
		{C173C55E-8CA3-40A3-9EF5-C439726B411D}.Debug|iPhone.Build.0 = Debug|iPhone
		{C173C55E-8CA3-40A3-9EF5-C439726B411D}.Debug|iPhone.Deploy.0 = Debug|iPhone
		{C173C55E-8CA3-40A3-9EF5-C439726B411D}.Debug|iPhoneSimulator.ActiveCfg = Debug|iPhoneSimulator
		{C173C55E-8CA3-40A3-9EF5-C439726B411D}.Debug|iPhoneSimulator.Build.0 = Debug|iPhoneSimulator
		{C173C55E-8CA3-40A3-9EF5-C439726B411D}.Debug|iPhoneSimulator.Deploy.0 = Debug|iPhoneSimulator
		{C173C55E-8CA3-40A3-9EF5-C439726B411D}.Debug|x86.ActiveCfg = Debug|iPhone
		{C173C55E-8CA3-40A3-9EF5-C439726B411D}.Release|Any CPU.ActiveCfg = Release|iPhone
		{C173C55E-8CA3-40A3-9EF5-C439726B411D}.Release|Any CPU.Build.0 = Release|iPhone
		{C173C55E-8CA3-40A3-9EF5-C439726B411D}.Release|Any CPU.Deploy.0 = Release|iPhone
		{C173C55E-8CA3-40A3-9EF5-C439726B411D}.Release|iPhone.ActiveCfg = Release|iPhone
		{C173C55E-8CA3-40A3-9EF5-C439726B411D}.Release|iPhone.Build.0 = Release|iPhone
		{C173C55E-8CA3-40A3-9EF5-C439726B411D}.Release|iPhone.Deploy.0 = Release|iPhone
		{C173C55E-8CA3-40A3-9EF5-C439726B411D}.Release|iPhoneSimulator.ActiveCfg = Release|iPhoneSimulator
		{C173C55E-8CA3-40A3-9EF5-C439726B411D}.Release|iPhoneSimulator.Build.0 = Release|iPhoneSimulator
		{C173C55E-8CA3-40A3-9EF5-C439726B411D}.Release|iPhoneSimulator.Deploy.0 = Release|iPhoneSimulator
		{C173C55E-8CA3-40A3-9EF5-C439726B411D}.Release|x86.ActiveCfg = Release|iPhoneSimulator
		{7FF9FDC3-CFD7-4A8A-8748-65D984E4D4D5}.Ad-Hoc|Any CPU.ActiveCfg = Debug|Any CPU
		{7FF9FDC3-CFD7-4A8A-8748-65D984E4D4D5}.Ad-Hoc|Any CPU.Build.0 = Debug|Any CPU
		{7FF9FDC3-CFD7-4A8A-8748-65D984E4D4D5}.Ad-Hoc|iPhone.ActiveCfg = Debug|Any CPU
		{7FF9FDC3-CFD7-4A8A-8748-65D984E4D4D5}.Ad-Hoc|iPhone.Build.0 = Debug|Any CPU
		{7FF9FDC3-CFD7-4A8A-8748-65D984E4D4D5}.Ad-Hoc|iPhoneSimulator.ActiveCfg = Debug|Any CPU
		{7FF9FDC3-CFD7-4A8A-8748-65D984E4D4D5}.Ad-Hoc|iPhoneSimulator.Build.0 = Debug|Any CPU
		{7FF9FDC3-CFD7-4A8A-8748-65D984E4D4D5}.Ad-Hoc|x86.ActiveCfg = Debug|Any CPU
		{7FF9FDC3-CFD7-4A8A-8748-65D984E4D4D5}.Ad-Hoc|x86.Build.0 = Debug|Any CPU
		{7FF9FDC3-CFD7-4A8A-8748-65D984E4D4D5}.AppStore|Any CPU.ActiveCfg = Debug|Any CPU
		{7FF9FDC3-CFD7-4A8A-8748-65D984E4D4D5}.AppStore|Any CPU.Build.0 = Debug|Any CPU
		{7FF9FDC3-CFD7-4A8A-8748-65D984E4D4D5}.AppStore|iPhone.ActiveCfg = Debug|Any CPU
		{7FF9FDC3-CFD7-4A8A-8748-65D984E4D4D5}.AppStore|iPhone.Build.0 = Debug|Any CPU
		{7FF9FDC3-CFD7-4A8A-8748-65D984E4D4D5}.AppStore|iPhoneSimulator.ActiveCfg = Debug|Any CPU
		{7FF9FDC3-CFD7-4A8A-8748-65D984E4D4D5}.AppStore|iPhoneSimulator.Build.0 = Debug|Any CPU
		{7FF9FDC3-CFD7-4A8A-8748-65D984E4D4D5}.AppStore|x86.ActiveCfg = Debug|Any CPU
		{7FF9FDC3-CFD7-4A8A-8748-65D984E4D4D5}.AppStore|x86.Build.0 = Debug|Any CPU
		{7FF9FDC3-CFD7-4A8A-8748-65D984E4D4D5}.Debug|Any CPU.ActiveCfg = Debug|Any CPU
		{7FF9FDC3-CFD7-4A8A-8748-65D984E4D4D5}.Debug|Any CPU.Build.0 = Debug|Any CPU
		{7FF9FDC3-CFD7-4A8A-8748-65D984E4D4D5}.Debug|iPhone.ActiveCfg = Debug|Any CPU
		{7FF9FDC3-CFD7-4A8A-8748-65D984E4D4D5}.Debug|iPhone.Build.0 = Debug|Any CPU
		{7FF9FDC3-CFD7-4A8A-8748-65D984E4D4D5}.Debug|iPhoneSimulator.ActiveCfg = Debug|Any CPU
		{7FF9FDC3-CFD7-4A8A-8748-65D984E4D4D5}.Debug|iPhoneSimulator.Build.0 = Debug|Any CPU
		{7FF9FDC3-CFD7-4A8A-8748-65D984E4D4D5}.Debug|x86.ActiveCfg = Debug|Any CPU
		{7FF9FDC3-CFD7-4A8A-8748-65D984E4D4D5}.Debug|x86.Build.0 = Debug|Any CPU
		{7FF9FDC3-CFD7-4A8A-8748-65D984E4D4D5}.Release|Any CPU.ActiveCfg = Release|Any CPU
		{7FF9FDC3-CFD7-4A8A-8748-65D984E4D4D5}.Release|Any CPU.Build.0 = Release|Any CPU
		{7FF9FDC3-CFD7-4A8A-8748-65D984E4D4D5}.Release|iPhone.ActiveCfg = Release|Any CPU
		{7FF9FDC3-CFD7-4A8A-8748-65D984E4D4D5}.Release|iPhone.Build.0 = Release|Any CPU
		{7FF9FDC3-CFD7-4A8A-8748-65D984E4D4D5}.Release|iPhoneSimulator.ActiveCfg = Release|Any CPU
		{7FF9FDC3-CFD7-4A8A-8748-65D984E4D4D5}.Release|iPhoneSimulator.Build.0 = Release|Any CPU
		{7FF9FDC3-CFD7-4A8A-8748-65D984E4D4D5}.Release|x86.ActiveCfg = Release|Any CPU
		{7FF9FDC3-CFD7-4A8A-8748-65D984E4D4D5}.Release|x86.Build.0 = Release|Any CPU
		{E4D8972C-4562-420B-B268-F6728897E0D0}.Ad-Hoc|Any CPU.ActiveCfg = Release|Any CPU
		{E4D8972C-4562-420B-B268-F6728897E0D0}.Ad-Hoc|Any CPU.Build.0 = Release|Any CPU
		{E4D8972C-4562-420B-B268-F6728897E0D0}.Ad-Hoc|iPhone.ActiveCfg = Release|Any CPU
		{E4D8972C-4562-420B-B268-F6728897E0D0}.Ad-Hoc|iPhone.Build.0 = Release|Any CPU
		{E4D8972C-4562-420B-B268-F6728897E0D0}.Ad-Hoc|iPhoneSimulator.ActiveCfg = Release|Any CPU
		{E4D8972C-4562-420B-B268-F6728897E0D0}.Ad-Hoc|iPhoneSimulator.Build.0 = Release|Any CPU
		{E4D8972C-4562-420B-B268-F6728897E0D0}.Ad-Hoc|x86.ActiveCfg = Release|Any CPU
		{E4D8972C-4562-420B-B268-F6728897E0D0}.Ad-Hoc|x86.Build.0 = Release|Any CPU
		{E4D8972C-4562-420B-B268-F6728897E0D0}.AppStore|Any CPU.ActiveCfg = Release|Any CPU
		{E4D8972C-4562-420B-B268-F6728897E0D0}.AppStore|Any CPU.Build.0 = Release|Any CPU
		{E4D8972C-4562-420B-B268-F6728897E0D0}.AppStore|iPhone.ActiveCfg = Release|Any CPU
		{E4D8972C-4562-420B-B268-F6728897E0D0}.AppStore|iPhone.Build.0 = Release|Any CPU
		{E4D8972C-4562-420B-B268-F6728897E0D0}.AppStore|iPhoneSimulator.ActiveCfg = Release|Any CPU
		{E4D8972C-4562-420B-B268-F6728897E0D0}.AppStore|iPhoneSimulator.Build.0 = Release|Any CPU
		{E4D8972C-4562-420B-B268-F6728897E0D0}.AppStore|x86.ActiveCfg = Release|Any CPU
		{E4D8972C-4562-420B-B268-F6728897E0D0}.AppStore|x86.Build.0 = Release|Any CPU
		{E4D8972C-4562-420B-B268-F6728897E0D0}.Debug|Any CPU.ActiveCfg = Debug|Any CPU
		{E4D8972C-4562-420B-B268-F6728897E0D0}.Debug|Any CPU.Build.0 = Debug|Any CPU
		{E4D8972C-4562-420B-B268-F6728897E0D0}.Debug|iPhone.ActiveCfg = Debug|Any CPU
		{E4D8972C-4562-420B-B268-F6728897E0D0}.Debug|iPhone.Build.0 = Debug|Any CPU
		{E4D8972C-4562-420B-B268-F6728897E0D0}.Debug|iPhoneSimulator.ActiveCfg = Debug|Any CPU
		{E4D8972C-4562-420B-B268-F6728897E0D0}.Debug|iPhoneSimulator.Build.0 = Debug|Any CPU
		{E4D8972C-4562-420B-B268-F6728897E0D0}.Debug|x86.ActiveCfg = Debug|Any CPU
		{E4D8972C-4562-420B-B268-F6728897E0D0}.Debug|x86.Build.0 = Debug|Any CPU
		{E4D8972C-4562-420B-B268-F6728897E0D0}.Release|Any CPU.ActiveCfg = Release|Any CPU
		{E4D8972C-4562-420B-B268-F6728897E0D0}.Release|Any CPU.Build.0 = Release|Any CPU
		{E4D8972C-4562-420B-B268-F6728897E0D0}.Release|iPhone.ActiveCfg = Release|Any CPU
		{E4D8972C-4562-420B-B268-F6728897E0D0}.Release|iPhone.Build.0 = Release|Any CPU
		{E4D8972C-4562-420B-B268-F6728897E0D0}.Release|iPhoneSimulator.ActiveCfg = Release|Any CPU
		{E4D8972C-4562-420B-B268-F6728897E0D0}.Release|iPhoneSimulator.Build.0 = Release|Any CPU
		{E4D8972C-4562-420B-B268-F6728897E0D0}.Release|x86.ActiveCfg = Release|Any CPU
		{E4D8972C-4562-420B-B268-F6728897E0D0}.Release|x86.Build.0 = Release|Any CPU
	EndGlobalSection
	GlobalSection(SolutionProperties) = preSolution
		HideSolutionNode = FALSE
	EndGlobalSection
	GlobalSection(NestedProjects) = preSolution
		{589C2263-82BC-475B-9277-BC59A30CFC44} = {2035D7BF-F9CC-4801-B81A-65E797FE9074}
		{C173C55E-8CA3-40A3-9EF5-C439726B411D} = {2035D7BF-F9CC-4801-B81A-65E797FE9074}
		{E74B57C0-2C6E-4736-929C-5FE60DE8254B} = {2035D7BF-F9CC-4801-B81A-65E797FE9074}
		{7FF9FDC3-CFD7-4A8A-8748-65D984E4D4D5} = {236A048A-91B0-44EB-B632-9526F5A92381}
		{E4D8972C-4562-420B-B268-F6728897E0D0} = {19FEC03E-2A98-406D-8ED2-472D0346BF6F}
	EndGlobalSection
	GlobalSection(ExtensibilityGlobals) = postSolution
		SolutionGuid = {062FEC6D-25CA-408A-94B4-AE4E0985A249}
	EndGlobalSection
EndGlobal
